name: Joint Lock
flavor: You contort your enemy's body into a stance they struggle to escape from.
keywords:
  - Melee
  - Psionic
  - Strike
  - Weapon
type: Main action
distance: Melee 1
target: One creature or object
metadata:
  class: "null"
  feature_type: trait
  file_dpath: Null/1st-Level Features
  item_id: joint-lock
  item_index: "05"
  item_name: Joint Lock
  level: 1
  scc:
    - mcdm.heroes.v1:feature.trait.null.1st-level-feature:joint-lock
  scdc:
    - 1.1.1:5.1.6.1:05
  source: mcdm.heroes.v1
  type: feature/trait/null/1st-level-feature
effects:
  - roll: Power Roll + Agility
    t1: 4 + A damage; A < WEAK, grabbed
    t2: 7 + A damage; A < AVERAGE, grabbed
    t3: 9 + A damage; A < STRONG, grabbed
